dependencies:
  espressif/mdns:
    component_hash: 9ff9c578fc3a5ea3c68e807233e47f2ce6b2492a92d7a9356ae5c29ab45f0fde
    dependencies:
    - name: idf
      require: private
      version: '>=5.0'
    source:
      registry_url: https://components.espressif.com/
      type: service
    version: 1.3.0
  idf:
    source:
      type: idf
    version: 5.4.0
direct_dependencies:
- espressif/mdns
- idf
manifest_hash: 5c9b5d1c7e215efa0c5588484ef0de1d38e5349e46173168a65ef08cb960b438
target: esp32
version: 2.0.0
